# THIS IS AN AUTOGENERATED FILE. DO NOT EDIT THIS FILE DIRECTLY.
# yarn lockfile v1


lmdb-store@1.6.3:
  version "1.6.3"
  resolved "https://registry.yarnpkg.com/lmdb-store/-/lmdb-store-1.6.3.tgz#bdb0ba75f3fe0d3a11e8d1cd1491c26546c756b1"
  integrity sha512-XelgbijLnAkY+FhC7CWy4kMoi7sBABhq7gAZxtiLIPMxfrMd/aXjmpdZQe7E5EjEBQokZAbEu47fL2DtKQ5TlA==
  dependencies:
    mkdirp "^1.0.4"
    nan "^2.14.2"
    node-gyp-build "^4.2.3"
    ordered-binary "^0.2.3"
    weak-lru-cache "^1.0.0"
  optionalDependencies:
    msgpackr "^1.3.2"

mkdirp@^1.0.4:
  version "1.0.4"
  resolved "https://registry.yarnpkg.com/mkdirp/-/mkdirp-1.0.4.tgz#3eb5ed62622756d79a5f0e2a221dfebad75c2f7e"
  integrity sha512-vVqVZQyf3WLx2Shd0qJ9xuvqgAyKPLAiqITEtqW0oIUjzo3PePDd6fW9iFz30ef7Ysp/oiWqbhszeGWW2T6Gzw==

msgpackr-extract@^1.0.13:
  version "1.0.13"
  resolved "https://registry.yarnpkg.com/msgpackr-extract/-/msgpackr-extract-1.0.13.tgz#39f1958d9cf1c436e18cc544aacec1af62b661d1"
  integrity sha512-JlQPllMLETiuQ5Vv3IAz+4uOpd1GZPOoCHv9P5ka5P5gkTssm/ejv0WwS4xAfB9B3vDwrExRwuU8v3HRQtJk2Q==
  dependencies:
    nan "^2.14.2"
    node-gyp-build "^4.2.3"

msgpackr@^1.3.2:
  version "1.3.9"
  resolved "https://registry.yarnpkg.com/msgpackr/-/msgpackr-1.3.9.tgz#b78fbbb5665cc9d8b47c51f9892ce5507df24c8d"
  integrity sha512-vKf5AduorqNcItGXuXh0h9LpNkkg6c3KEaRWeGgOF7+a7x0DcgRb4I29sewYvr8H7oRN5L2gjU9Lr4oRU5RIdA==
  optionalDependencies:
    msgpackr-extract "^1.0.13"

nan@^2.14.2:
  version "2.14.2"
  resolved "https://registry.yarnpkg.com/nan/-/nan-2.14.2.tgz#f5376400695168f4cc694ac9393d0c9585eeea19"
  integrity sha512-M2ufzIiINKCuDfBSAUr1vWQ+vuVcA9kqx8JJUsbQi6yf1uGRyb7HfpdfUr5qLXf3B/t8dPvcjhKMmlfnP47EzQ==

node-gyp-build@^4.2.3:
  version "4.2.3"
  resolved "https://registry.yarnpkg.com/node-gyp-build/-/node-gyp-build-4.2.3.tgz#ce6277f853835f718829efb47db20f3e4d9c4739"
  integrity sha512-MN6ZpzmfNCRM+3t57PTJHgHyw/h4OWnZ6mR8P5j/uZtqQr46RRuDE/P+g3n0YR/AiYXeWixZZzaip77gdICfRg==

ordered-binary@^0.2.3:
  version "0.2.3"
  resolved "https://registry.yarnpkg.com/ordered-binary/-/ordered-binary-0.2.3.tgz#48a364b7ef11208ea7be67993fbe7e88ede5cb26"
  integrity sha512-5kFq2MEgVpV32YMVW8q74h1pV7xowy92J9bdHGSty+4mD/pKzNX38oJLE424k6qrLMq04U7+eopcQKNpVlupDA==

weak-lru-cache@^1.0.0:
  version "1.0.0"
  resolved "https://registry.yarnpkg.com/weak-lru-cache/-/weak-lru-cache-1.0.0.tgz#f1394721169883488c554703704fbd91cda05ddf"
  integrity sha512-135bPugHHIJLNx20guHgk4etZAbd7nou34NQfdKkJPgMuC3Oqn4cT6f7ORVvnud9oEyXJVJXPcTFsUvttGm5xg==
